# This file is automatically @generated by Cargo.
# It is not intended for manual editing.
[[package]]
name = "chat"
version = "0.1.0"
dependencies = [
 "flume",
]

[[package]]
name = "flume"
version = "0.7.1"
source = "registry+https://github.com/rust-lang/crates.io-index"
checksum = "855e285c3835897065a6ba6f9463b44553eb9f29c7988d692f3d41283b47388b"
dependencies = [
 "futures",
 "spin",
]

[[package]]
name = "futures"
version = "0.3.4"
source = "registry+https://github.com/rust-lang/crates.io-index"
checksum = "5c329ae8753502fb44ae4fc2b622fa2a94652c41e795143765ba0927f92ab780"
dependencies = [
 "futures-channel",
 "futures-core",
 "futures-io",
 "futures-sink",
 "futures-task",
 "futures-util",
]

[[package]]
name = "futures-channel"
version = "0.3.4"
source = "registry+https://github.com/rust-lang/crates.io-index"
checksum = "f0c77d04ce8edd9cb903932b608268b3fffec4163dc053b3b402bf47eac1f1a8"
dependencies = [
 "futures-core",
 "futures-sink",
]

[[package]]
name = "futures-core"
version = "0.3.4"
source = "registry+https://github.com/rust-lang/crates.io-index"
checksum = "f25592f769825e89b92358db00d26f965761e094951ac44d3663ef25b7ac464a"

[[package]]
name = "futures-io"
version = "0.3.4"
source = "registry+https://github.com/rust-lang/crates.io-index"
checksum = "a638959aa96152c7a4cddf50fcb1e3fede0583b27157c26e67d6f99904090dc6"

[[package]]
name = "futures-sink"
version = "0.3.4"
source = "registry+https://github.com/rust-lang/crates.io-index"
checksum = "3466821b4bc114d95b087b850a724c6f83115e929bc88f1fa98a3304a944c8a6"

[[package]]
name = "futures-task"
version = "0.3.4"
source = "registry+https://github.com/rust-lang/crates.io-index"
checksum = "7b0a34e53cf6cdcd0178aa573aed466b646eb3db769570841fda0c7ede375a27"

[[package]]
name = "futures-util"
version = "0.3.4"
source = "registry+https://github.com/rust-lang/crates.io-index"
checksum = "22766cf25d64306bedf0384da004d05c9974ab104fcc4528f1236181c18004c5"
dependencies = [
 "futures-core",
 "futures-sink",
 "futures-task",
 "pin-utils",
]

[[package]]
name = "pin-utils"
version = "0.1.0-alpha.4"
source = "registry+https://github.com/rust-lang/crates.io-index"
checksum = "5894c618ce612a3fa23881b152b608bafb8c56cfc22f434a3ba3120b40f7b587"

[[package]]
name = "spin"
version = "0.5.2"
source = "registry+https://github.com/rust-lang/crates.io-index"
checksum = "6e63cff320ae2c57904679ba7cb63280a3dc4613885beafb148ee7bf9aa9042d"
